Microsoft Visual Studio Solution File, Format Version 11.00
# Visual C# Express 2010
Project("{FAE04EC0-301F-11D3-BF4B-00C04F79EFBC}") = "CentralProject", "CentralProject\CentralProject.csproj", "{7D5D9C04-E9C3-41E4-BD6A-6BD91EB0767B}"
EndProject
Project("{FAE04EC0-301F-11D3-BF4B-00C04F79EFBC}") = "MyCSharp", "..\MyCSharp\MyCSharp\MyCSharp.csproj", "{A4D50805-C1CB-4E34-9EBB-BD970C5D3604}"
EndProject
Project("{FAE04EC0-301F-11D3-BF4B-00C04F79EFBC}") = "MyWPF", "..\MyCSharp\MyWPF\MyWPF.csproj", "{B3987FBC-C60B-4311-9C73-6927AF4DD961}"
EndProject
Global
	GlobalSection(SolutionConfigurationPlatforms) = preSolution
		Debug|Any CPU = Debug|Any CPU
		Debug|Mixed Platforms = Debug|Mixed Platforms
		Debug|x86 = Debug|x86
		Release|Any CPU = Release|Any CPU
		Release|Mixed Platforms = Release|Mixed Platforms
		Release|x86 = Release|x86
	EndGlobalSection
	GlobalSection(ProjectConfigurationPlatforms) = postSolution
		{7D5D9C04-E9C3-41E4-BD6A-6BD91EB0767B}.Debug|Any CPU.ActiveCfg = Debug|x86
		{7D5D9C04-E9C3-41E4-BD6A-6BD91EB0767B}.Debug|Mixed Platforms.ActiveCfg = Debug|x86
		{7D5D9C04-E9C3-41E4-BD6A-6BD91EB0767B}.Debug|Mixed Platforms.Build.0 = Debug|x86
		{7D5D9C04-E9C3-41E4-BD6A-6BD91EB0767B}.Debug|x86.ActiveCfg = Debug|x86
		{7D5D9C04-E9C3-41E4-BD6A-6BD91EB0767B}.Debug|x86.Build.0 = Debug|x86
		{7D5D9C04-E9C3-41E4-BD6A-6BD91EB0767B}.Release|Any CPU.ActiveCfg = Release|x86
		{7D5D9C04-E9C3-41E4-BD6A-6BD91EB0767B}.Release|Mixed Platforms.ActiveCfg = Release|x86
		{7D5D9C04-E9C3-41E4-BD6A-6BD91EB0767B}.Release|Mixed Platforms.Build.0 = Release|x86
		{7D5D9C04-E9C3-41E4-BD6A-6BD91EB0767B}.Release|x86.ActiveCfg = Release|x86
		{7D5D9C04-E9C3-41E4-BD6A-6BD91EB0767B}.Release|x86.Build.0 = Release|x86
		{A4D50805-C1CB-4E34-9EBB-BD970C5D3604}.Debug|Any CPU.ActiveCfg = Debug|x86
		{A4D50805-C1CB-4E34-9EBB-BD970C5D3604}.Debug|Mixed Platforms.ActiveCfg = Debug|x86
		{A4D50805-C1CB-4E34-9EBB-BD970C5D3604}.Debug|Mixed Platforms.Build.0 = Debug|x86
		{A4D50805-C1CB-4E34-9EBB-BD970C5D3604}.Debug|x86.ActiveCfg = Debug|x86
		{A4D50805-C1CB-4E34-9EBB-BD970C5D3604}.Debug|x86.Build.0 = Debug|x86
		{A4D50805-C1CB-4E34-9EBB-BD970C5D3604}.Release|Any CPU.ActiveCfg = Release|x86
		{A4D50805-C1CB-4E34-9EBB-BD970C5D3604}.Release|Mixed Platforms.ActiveCfg = Release|x86
		{A4D50805-C1CB-4E34-9EBB-BD970C5D3604}.Release|Mixed Platforms.Build.0 = Release|x86
		{A4D50805-C1CB-4E34-9EBB-BD970C5D3604}.Release|x86.ActiveCfg = Release|x86
		{A4D50805-C1CB-4E34-9EBB-BD970C5D3604}.Release|x86.Build.0 = Release|x86
		{B3987FBC-C60B-4311-9C73-6927AF4DD961}.Debug|Any CPU.ActiveCfg = Debug|Any CPU
		{B3987FBC-C60B-4311-9C73-6927AF4DD961}.Debug|Any CPU.Build.0 = Debug|Any CPU
		{B3987FBC-C60B-4311-9C73-6927AF4DD961}.Debug|Mixed Platforms.ActiveCfg = Debug|Any CPU
		{B3987FBC-C60B-4311-9C73-6927AF4DD961}.Debug|Mixed Platforms.Build.0 = Debug|Any CPU
		{B3987FBC-C60B-4311-9C73-6927AF4DD961}.Debug|x86.ActiveCfg = Debug|Any CPU
		{B3987FBC-C60B-4311-9C73-6927AF4DD961}.Release|Any CPU.ActiveCfg = Release|Any CPU
		{B3987FBC-C60B-4311-9C73-6927AF4DD961}.Release|Any CPU.Build.0 = Release|Any CPU
		{B3987FBC-C60B-4311-9C73-6927AF4DD961}.Release|Mixed Platforms.ActiveCfg = Release|Any CPU
		{B3987FBC-C60B-4311-9C73-6927AF4DD961}.Release|Mixed Platforms.Build.0 = Release|Any CPU
		{B3987FBC-C60B-4311-9C73-6927AF4DD961}.Release|x86.ActiveCfg = Release|Any CPU
	EndGlobalSection
	GlobalSection(SolutionProperties) = preSolution
		HideSolutionNode = FALSE
	EndGlobalSection
EndGlobal
